
Microsoft Visual Studio Solution File, Format Version 12.00
# Visual Studio Version 16
VisualStudioVersion = 16.0.35425.106
MinimumVisualStudioVersion = 10.0.40219.1
Project("{FAE04EC0-301F-11D3-BF4B-00C04F79EFBC}") = "MovieRental", "MovieRental.csproj", "{05A47714-B4F0-4095-BFE7-A5D57B1A4F17}"
EndProject
Global
	GlobalSection(SolutionConfigurationPlatforms) = preSolution
		Debug|Any CPU = Debug|Any CPU
		Release|Any CPU = Release|Any CPU
	EndGlobalSection
	GlobalSection(ProjectConfigurationPlatforms) = postSolution
		{05A47714-B4F0-4095-BFE7-A5D57B1A4F17}.Debug|Any CPU.ActiveCfg = Debug|Any CPU
		{05A47714-B4F0-4095-BFE7-A5D57B1A4F17}.Debug|Any CPU.Build.0 = Debug|Any CPU
		{05A47714-B4F0-4095-BFE7-A5D57B1A4F17}.Release|Any CPU.ActiveCfg = Release|Any CPU
		{05A47714-B4F0-4095-BFE7-A5D57B1A4F17}.Release|Any CPU.Build.0 = Release|Any CPU
	EndGlobalSection
	GlobalSection(SolutionProperties) = preSolution
		HideSolutionNode = FALSE
	EndGlobalSection
	GlobalSection(ExtensibilityGlobals) = postSolution
		SolutionGuid = {47C110EA-70DE-42EB-BC8E-87DE715C4291}
	EndGlobalSection
EndGlobal
